
Microsoft Visual Studio Solution File, Format Version 12.00
# Visual Studio Version 17
VisualStudioVersion = 17.4.33122.133
MinimumVisualStudioVersion = 10.0.40219.1
Project("{2150E333-8FDC-42A3-9474-1A3956D46DE8}") = "Solution Items", "Solution Items", "{457295F2-5567-4802-8F10-2808FC406B32}"
	ProjectSection(SolutionItems) = preProject
		ServiceUrls.txt = ServiceUrls.txt
	EndProjectSection
EndProject
Project("{2150E333-8FDC-42A3-9474-1A3956D46DE8}") = "src", "src", "{9C05E0B8-4637-4791-8D95-1C857EBABDB6}"
EndProject
Project("{2150E333-8FDC-42A3-9474-1A3956D46DE8}") = "ApiGateways", "ApiGateways", "{F7E139B8-8FE4-466A-8FB7-83B12CF7A2AF}"
EndProject
Project("{2150E333-8FDC-42A3-9474-1A3956D46DE8}") = "BuildingBlocks", "BuildingBlocks", "{3FECE410-612D-47CE-89E2-A57ED4DA3523}"
EndProject
Project("{2150E333-8FDC-42A3-9474-1A3956D46DE8}") = "Services", "Services", "{1B295506-872B-4653-B299-3106C25AD8F7}"
EndProject
Project("{2150E333-8FDC-42A3-9474-1A3956D46DE8}") = "WebApiGateway", "WebApiGateway", "{7167430B-F391-4211-94BA-3680CABE9E31}"
EndProject
Project("{2150E333-8FDC-42A3-9474-1A3956D46DE8}") = "EventBus", "EventBus", "{848F2034-A7FB-4FBC-B235-E8064206D01F}"
EndProject
Project("{9A19103F-16F7-4668-BE54-9A1E7A4F7556}") = "EventBus.Base", "src\BuildingBlocks\EventBus\EventBus.Base\EventBus.Base.csproj", "{13E1E9D3-71DB-4355-BCAB-C301E0550B3D}"
EndProject
Project("{FAE04EC0-301F-11D3-BF4B-00C04F79EFBC}") = "Web.ApiGateway", "src\ApiGateways\WebApiGateway\Web.ApiGateway\Web.ApiGateway.csproj", "{F83CB162-9F29-467F-BC51-E3F88237508A}"
EndProject
Project("{FAE04EC0-301F-11D3-BF4B-00C04F79EFBC}") = "EventBus.Factory", "src\BuildingBlocks\EventBus\EventBus.Factory\EventBus.Factory.csproj", "{A1EC4963-1A8E-4963-94E1-F8F5B623DF83}"
EndProject
Project("{FAE04EC0-301F-11D3-BF4B-00C04F79EFBC}") = "EventBus.AzureServiceBus", "src\BuildingBlocks\EventBus\EventBus.AzureServiceBus\EventBus.AzureServiceBus.csproj", "{D2FA0910-E0E9-4750-9B15-B5264DC714CF}"
EndProject
Project("{FAE04EC0-301F-11D3-BF4B-00C04F79EFBC}") = "EventBus.RabbitMQ", "src\BuildingBlocks\EventBus\EventBus.RabbitMQ\EventBus.RabbitMQ.csproj", "{8B2CC686-93A1-4895-9AC0-0568631E6EF5}"
EndProject
Project("{2150E333-8FDC-42A3-9474-1A3956D46DE8}") = "Clients", "Clients", "{F94AEB1A-CB0B-40C1-8187-491E4379D4BD}"
EndProject
Project("{2150E333-8FDC-42A3-9474-1A3956D46DE8}") = "BlazorWebApp", "BlazorWebApp", "{A2095039-9603-479C-B18C-ADA711BE953D}"
EndProject
Project("{FAE04EC0-301F-11D3-BF4B-00C04F79EFBC}") = "WebApp", "src\BuildingBlocks\Clients\BlazorWebApp\WebApp\WebApp.csproj", "{FED55FBA-2E02-4903-A0AA-FD87C2DA89D9}"
EndProject
Project("{2150E333-8FDC-42A3-9474-1A3956D46DE8}") = "BasketService", "BasketService", "{B1F2D56F-3223-4702-BC54-6C61FA4B61EC}"
EndProject
Project("{FAE04EC0-301F-11D3-BF4B-00C04F79EFBC}") = "BasketService.Api", "src\Services\BasketService\BasketService.Api\BasketService.Api.csproj", "{997E177B-7CF1-4EB9-8E2E-FC4F676CA3A1}"
EndProject
Project("{2150E333-8FDC-42A3-9474-1A3956D46DE8}") = "CatologService", "CatologService", "{A09F6178-2E94-474D-82C5-641B2EDF853A}"
EndProject
Project("{FAE04EC0-301F-11D3-BF4B-00C04F79EFBC}") = "CatologService.Api", "src\Services\CatologService\CatologService.Api\CatologService.Api.csproj", "{F3B49BA9-657F-422E-BF4C-74840142F1BD}"
EndProject
Project("{2150E333-8FDC-42A3-9474-1A3956D46DE8}") = "IdentityService", "IdentityService", "{2335186F-8011-4301-9FF2-D84DC69491B5}"
EndProject
Project("{FAE04EC0-301F-11D3-BF4B-00C04F79EFBC}") = "IdentityService.Api", "src\Services\IdentityService\IdentityService.Api\IdentityService.Api.csproj", "{1D4A2875-D5CF-485B-B669-85CEE460A50D}"
EndProject
Project("{2150E333-8FDC-42A3-9474-1A3956D46DE8}") = "NotificationService", "NotificationService", "{BD4668DD-7424-46AF-82F2-2E11D872472A}"
EndProject
Project("{FAE04EC0-301F-11D3-BF4B-00C04F79EFBC}") = "NotificationService.Api", "src\Services\NotificationService\NotificationService.Api\NotificationService.Api.csproj", "{EF8A7CEF-BE2D-4512-8A28-7C60F61BD6BA}"
EndProject
Project("{2150E333-8FDC-42A3-9474-1A3956D46DE8}") = "OrderService", "OrderService", "{561D4654-E91B-4A24-BF89-98910815687E}"
EndProject
Project("{FAE04EC0-301F-11D3-BF4B-00C04F79EFBC}") = "OrderService.Domain", "src\Services\OrderService\OrderService.Domain\OrderService.Domain.csproj", "{6BC37FCC-B7EA-4419-A0C4-EB45A052EFC8}"
EndProject
Project("{FAE04EC0-301F-11D3-BF4B-00C04F79EFBC}") = "OrderService.Application", "src\Services\OrderService\OrderService.Application\OrderService.Application.csproj", "{A74F2930-4EF5-495A-9FCE-A0EE40ED4606}"
EndProject
Project("{FAE04EC0-301F-11D3-BF4B-00C04F79EFBC}") = "OrderService.Infrastracture", "src\Services\OrderService\OrderService.Infrastracture\OrderService.Infrastracture.csproj", "{51459E68-A611-4BB5-BAA3-FAE1EAA788A8}"
EndProject
Project("{FAE04EC0-301F-11D3-BF4B-00C04F79EFBC}") = "OrderService.Api", "src\Services\OrderService\OrderService.Api\OrderService.Api.csproj", "{AB884404-358C-4B0B-8DD1-1A3B34781827}"
EndProject
Project("{2150E333-8FDC-42A3-9474-1A3956D46DE8}") = "PaymentService", "PaymentService", "{79E609EA-B4EF-416C-A17C-F9FD81AF4C61}"
EndProject
Project("{FAE04EC0-301F-11D3-BF4B-00C04F79EFBC}") = "PaymentService.Api", "src\Services\PaymentService\PaymentService.Api\PaymentService.Api.csproj", "{C2211481-3D04-45A1-921B-DBBD69809670}"
EndProject
Project("{2150E333-8FDC-42A3-9474-1A3956D46DE8}") = "AngularWebApp", "AngularWebApp", "{4C2C4064-5437-4ADA-9C8D-7CFCBEEA973E}"
EndProject
Project("{2150E333-8FDC-42A3-9474-1A3956D46DE8}") = "ReactWebApp", "ReactWebApp", "{202C38F3-1442-44BA-A78D-92FA7274C836}"
EndProject
Project("{2150E333-8FDC-42A3-9474-1A3956D46DE8}") = "MobilApp", "MobilApp", "{EAED6647-C87E-454C-9AB0-7A6532010349}"
EndProject
Global
	GlobalSection(SolutionConfigurationPlatforms) = preSolution
		Debug|Any CPU = Debug|Any CPU
		Release|Any CPU = Release|Any CPU
	EndGlobalSection
	GlobalSection(ProjectConfigurationPlatforms) = postSolution
		{13E1E9D3-71DB-4355-BCAB-C301E0550B3D}.Debug|Any CPU.ActiveCfg = Debug|Any CPU
		{13E1E9D3-71DB-4355-BCAB-C301E0550B3D}.Debug|Any CPU.Build.0 = Debug|Any CPU
		{13E1E9D3-71DB-4355-BCAB-C301E0550B3D}.Release|Any CPU.ActiveCfg = Release|Any CPU
		{13E1E9D3-71DB-4355-BCAB-C301E0550B3D}.Release|Any CPU.Build.0 = Release|Any CPU
		{F83CB162-9F29-467F-BC51-E3F88237508A}.Debug|Any CPU.ActiveCfg = Debug|Any CPU
		{F83CB162-9F29-467F-BC51-E3F88237508A}.Debug|Any CPU.Build.0 = Debug|Any CPU
		{F83CB162-9F29-467F-BC51-E3F88237508A}.Release|Any CPU.ActiveCfg = Release|Any CPU
		{F83CB162-9F29-467F-BC51-E3F88237508A}.Release|Any CPU.Build.0 = Release|Any CPU
		{A1EC4963-1A8E-4963-94E1-F8F5B623DF83}.Debug|Any CPU.ActiveCfg = Debug|Any CPU
		{A1EC4963-1A8E-4963-94E1-F8F5B623DF83}.Debug|Any CPU.Build.0 = Debug|Any CPU
		{A1EC4963-1A8E-4963-94E1-F8F5B623DF83}.Release|Any CPU.ActiveCfg = Release|Any CPU
		{A1EC4963-1A8E-4963-94E1-F8F5B623DF83}.Release|Any CPU.Build.0 = Release|Any CPU
		{D2FA0910-E0E9-4750-9B15-B5264DC714CF}.Debug|Any CPU.ActiveCfg = Debug|Any CPU
		{D2FA0910-E0E9-4750-9B15-B5264DC714CF}.Debug|Any CPU.Build.0 = Debug|Any CPU
		{D2FA0910-E0E9-4750-9B15-B5264DC714CF}.Release|Any CPU.ActiveCfg = Release|Any CPU
		{D2FA0910-E0E9-4750-9B15-B5264DC714CF}.Release|Any CPU.Build.0 = Release|Any CPU
		{8B2CC686-93A1-4895-9AC0-0568631E6EF5}.Debug|Any CPU.ActiveCfg = Debug|Any CPU
		{8B2CC686-93A1-4895-9AC0-0568631E6EF5}.Debug|Any CPU.Build.0 = Debug|Any CPU
		{8B2CC686-93A1-4895-9AC0-0568631E6EF5}.Release|Any CPU.ActiveCfg = Release|Any CPU
		{8B2CC686-93A1-4895-9AC0-0568631E6EF5}.Release|Any CPU.Build.0 = Release|Any CPU
		{FED55FBA-2E02-4903-A0AA-FD87C2DA89D9}.Debug|Any CPU.ActiveCfg = Debug|Any CPU
		{FED55FBA-2E02-4903-A0AA-FD87C2DA89D9}.Debug|Any CPU.Build.0 = Debug|Any CPU
		{FED55FBA-2E02-4903-A0AA-FD87C2DA89D9}.Release|Any CPU.ActiveCfg = Release|Any CPU
		{FED55FBA-2E02-4903-A0AA-FD87C2DA89D9}.Release|Any CPU.Build.0 = Release|Any CPU
		{997E177B-7CF1-4EB9-8E2E-FC4F676CA3A1}.Debug|Any CPU.ActiveCfg = Debug|Any CPU
		{997E177B-7CF1-4EB9-8E2E-FC4F676CA3A1}.Debug|Any CPU.Build.0 = Debug|Any CPU
		{997E177B-7CF1-4EB9-8E2E-FC4F676CA3A1}.Release|Any CPU.ActiveCfg = Release|Any CPU
		{997E177B-7CF1-4EB9-8E2E-FC4F676CA3A1}.Release|Any CPU.Build.0 = Release|Any CPU
		{F3B49BA9-657F-422E-BF4C-74840142F1BD}.Debug|Any CPU.ActiveCfg = Debug|Any CPU
		{F3B49BA9-657F-422E-BF4C-74840142F1BD}.Debug|Any CPU.Build.0 = Debug|Any CPU
		{F3B49BA9-657F-422E-BF4C-74840142F1BD}.Release|Any CPU.ActiveCfg = Release|Any CPU
		{F3B49BA9-657F-422E-BF4C-74840142F1BD}.Release|Any CPU.Build.0 = Release|Any CPU
		{1D4A2875-D5CF-485B-B669-85CEE460A50D}.Debug|Any CPU.ActiveCfg = Debug|Any CPU
		{1D4A2875-D5CF-485B-B669-85CEE460A50D}.Debug|Any CPU.Build.0 = Debug|Any CPU
		{1D4A2875-D5CF-485B-B669-85CEE460A50D}.Release|Any CPU.ActiveCfg = Release|Any CPU
		{1D4A2875-D5CF-485B-B669-85CEE460A50D}.Release|Any CPU.Build.0 = Release|Any CPU
		{EF8A7CEF-BE2D-4512-8A28-7C60F61BD6BA}.Debug|Any CPU.ActiveCfg = Debug|Any CPU
		{EF8A7CEF-BE2D-4512-8A28-7C60F61BD6BA}.Debug|Any CPU.Build.0 = Debug|Any CPU
		{EF8A7CEF-BE2D-4512-8A28-7C60F61BD6BA}.Release|Any CPU.ActiveCfg = Release|Any CPU
		{EF8A7CEF-BE2D-4512-8A28-7C60F61BD6BA}.Release|Any CPU.Build.0 = Release|Any CPU
		{6BC37FCC-B7EA-4419-A0C4-EB45A052EFC8}.Debug|Any CPU.ActiveCfg = Debug|Any CPU
		{6BC37FCC-B7EA-4419-A0C4-EB45A052EFC8}.Debug|Any CPU.Build.0 = Debug|Any CPU
		{6BC37FCC-B7EA-4419-A0C4-EB45A052EFC8}.Release|Any CPU.ActiveCfg = Release|Any CPU
		{6BC37FCC-B7EA-4419-A0C4-EB45A052EFC8}.Release|Any CPU.Build.0 = Release|Any CPU
		{A74F2930-4EF5-495A-9FCE-A0EE40ED4606}.Debug|Any CPU.ActiveCfg = Debug|Any CPU
		{A74F2930-4EF5-495A-9FCE-A0EE40ED4606}.Debug|Any CPU.Build.0 = Debug|Any CPU
		{A74F2930-4EF5-495A-9FCE-A0EE40ED4606}.Release|Any CPU.ActiveCfg = Release|Any CPU
		{A74F2930-4EF5-495A-9FCE-A0EE40ED4606}.Release|Any CPU.Build.0 = Release|Any CPU
		{51459E68-A611-4BB5-BAA3-FAE1EAA788A8}.Debug|Any CPU.ActiveCfg = Debug|Any CPU
		{51459E68-A611-4BB5-BAA3-FAE1EAA788A8}.Debug|Any CPU.Build.0 = Debug|Any CPU
		{51459E68-A611-4BB5-BAA3-FAE1EAA788A8}.Release|Any CPU.ActiveCfg = Release|Any CPU
		{51459E68-A611-4BB5-BAA3-FAE1EAA788A8}.Release|Any CPU.Build.0 = Release|Any CPU
		{AB884404-358C-4B0B-8DD1-1A3B34781827}.Debug|Any CPU.ActiveCfg = Debug|Any CPU
		{AB884404-358C-4B0B-8DD1-1A3B34781827}.Debug|Any CPU.Build.0 = Debug|Any CPU
		{AB884404-358C-4B0B-8DD1-1A3B34781827}.Release|Any CPU.ActiveCfg = Release|Any CPU
		{AB884404-358C-4B0B-8DD1-1A3B34781827}.Release|Any CPU.Build.0 = Release|Any CPU
		{C2211481-3D04-45A1-921B-DBBD69809670}.Debug|Any CPU.ActiveCfg = Debug|Any CPU
		{C2211481-3D04-45A1-921B-DBBD69809670}.Debug|Any CPU.Build.0 = Debug|Any CPU
		{C2211481-3D04-45A1-921B-DBBD69809670}.Release|Any CPU.ActiveCfg = Release|Any CPU
		{C2211481-3D04-45A1-921B-DBBD69809670}.Release|Any CPU.Build.0 = Release|Any CPU
	EndGlobalSection
	GlobalSection(SolutionProperties) = preSolution
		HideSolutionNode = FALSE
	EndGlobalSection
	GlobalSection(NestedProjects) = preSolution
		{F7E139B8-8FE4-466A-8FB7-83B12CF7A2AF} = {9C05E0B8-4637-4791-8D95-1C857EBABDB6}
		{3FECE410-612D-47CE-89E2-A57ED4DA3523} = {9C05E0B8-4637-4791-8D95-1C857EBABDB6}
		{1B295506-872B-4653-B299-3106C25AD8F7} = {9C05E0B8-4637-4791-8D95-1C857EBABDB6}
		{7167430B-F391-4211-94BA-3680CABE9E31} = {F7E139B8-8FE4-466A-8FB7-83B12CF7A2AF}
		{848F2034-A7FB-4FBC-B235-E8064206D01F} = {3FECE410-612D-47CE-89E2-A57ED4DA3523}
		{13E1E9D3-71DB-4355-BCAB-C301E0550B3D} = {848F2034-A7FB-4FBC-B235-E8064206D01F}
		{F83CB162-9F29-467F-BC51-E3F88237508A} = {7167430B-F391-4211-94BA-3680CABE9E31}
		{A1EC4963-1A8E-4963-94E1-F8F5B623DF83} = {848F2034-A7FB-4FBC-B235-E8064206D01F}
		{D2FA0910-E0E9-4750-9B15-B5264DC714CF} = {848F2034-A7FB-4FBC-B235-E8064206D01F}
		{8B2CC686-93A1-4895-9AC0-0568631E6EF5} = {848F2034-A7FB-4FBC-B235-E8064206D01F}
		{F94AEB1A-CB0B-40C1-8187-491E4379D4BD} = {9C05E0B8-4637-4791-8D95-1C857EBABDB6}
		{A2095039-9603-479C-B18C-ADA711BE953D} = {F94AEB1A-CB0B-40C1-8187-491E4379D4BD}
		{FED55FBA-2E02-4903-A0AA-FD87C2DA89D9} = {A2095039-9603-479C-B18C-ADA711BE953D}
		{B1F2D56F-3223-4702-BC54-6C61FA4B61EC} = {1B295506-872B-4653-B299-3106C25AD8F7}
		{997E177B-7CF1-4EB9-8E2E-FC4F676CA3A1} = {B1F2D56F-3223-4702-BC54-6C61FA4B61EC}
		{A09F6178-2E94-474D-82C5-641B2EDF853A} = {1B295506-872B-4653-B299-3106C25AD8F7}
		{F3B49BA9-657F-422E-BF4C-74840142F1BD} = {A09F6178-2E94-474D-82C5-641B2EDF853A}
		{2335186F-8011-4301-9FF2-D84DC69491B5} = {1B295506-872B-4653-B299-3106C25AD8F7}
		{1D4A2875-D5CF-485B-B669-85CEE460A50D} = {2335186F-8011-4301-9FF2-D84DC69491B5}
		{BD4668DD-7424-46AF-82F2-2E11D872472A} = {1B295506-872B-4653-B299-3106C25AD8F7}
		{EF8A7CEF-BE2D-4512-8A28-7C60F61BD6BA} = {BD4668DD-7424-46AF-82F2-2E11D872472A}
		{561D4654-E91B-4A24-BF89-98910815687E} = {1B295506-872B-4653-B299-3106C25AD8F7}
		{6BC37FCC-B7EA-4419-A0C4-EB45A052EFC8} = {561D4654-E91B-4A24-BF89-98910815687E}
		{A74F2930-4EF5-495A-9FCE-A0EE40ED4606} = {561D4654-E91B-4A24-BF89-98910815687E}
		{51459E68-A611-4BB5-BAA3-FAE1EAA788A8} = {561D4654-E91B-4A24-BF89-98910815687E}
		{AB884404-358C-4B0B-8DD1-1A3B34781827} = {561D4654-E91B-4A24-BF89-98910815687E}
		{79E609EA-B4EF-416C-A17C-F9FD81AF4C61} = {1B295506-872B-4653-B299-3106C25AD8F7}
		{C2211481-3D04-45A1-921B-DBBD69809670} = {79E609EA-B4EF-416C-A17C-F9FD81AF4C61}
		{4C2C4064-5437-4ADA-9C8D-7CFCBEEA973E} = {F94AEB1A-CB0B-40C1-8187-491E4379D4BD}
		{202C38F3-1442-44BA-A78D-92FA7274C836} = {F94AEB1A-CB0B-40C1-8187-491E4379D4BD}
		{EAED6647-C87E-454C-9AB0-7A6532010349} = {F94AEB1A-CB0B-40C1-8187-491E4379D4BD}
	EndGlobalSection
	GlobalSection(ExtensibilityGlobals) = postSolution
		SolutionGuid = {180A107E-4928-4DA9-9345-8C859BDF1400}
	EndGlobalSection
EndGlobal
